<Solution>
  <Folder Name="/.github/">
    <File Path=".github/renovate.json" />
  </Folder>
  <Folder Name="/.github/workflows/">
    <File Path=".github/workflows/build-and-test.yml" />
    <File Path=".github/workflows/publish-package.yml" />
  </Folder>
  <Folder Name="/src/">
    <Project Path="src/Soenneker.DnsClient.Util.csproj" />
  </Folder>
  <Folder Name="/test/">
    <Project Path="test/Soenneker.DnsClient.Util.Tests/Soenneker.DnsClient.Util.Tests.csproj" />
  </Folder>
</Solution>
